
Microsoft Visual Studio Solution File, Format Version 12.00
# Visual Studio Version 17
VisualStudioVersion = 17.12.35707.178
MinimumVisualStudioVersion = 10.0.40219.1
Project("{FAE04EC0-301F-11D3-BF4B-00C04F79EFBC}") = "WebAPI", "WebAPI.csproj", "{77DFFCEF-6970-4826-A63B-C0D5D432A853}"
EndProject
Project("{FAE04EC0-301F-11D3-BF4B-00C04F79EFBC}") = "DataAccessLayer", "..\DataAccessLayer\DataAccessLayer.csproj", "{31051AF4-7D16-44A4-B7A5-453CC43BAA39}"
EndProject
Project("{FAE04EC0-301F-11D3-BF4B-00C04F79EFBC}") = "BusinessLogicLayer", "..\BusinessLogicLayer\BusinessLogicLayer.csproj", "{53043CCE-4AEC-41B1-9A2D-8A01A4047F20}"
EndProject
Global
	GlobalSection(SolutionConfigurationPlatforms) = preSolution
		Debug|Any CPU = Debug|Any CPU
		Release|Any CPU = Release|Any CPU
	EndGlobalSection
	GlobalSection(ProjectConfigurationPlatforms) = postSolution
		{77DFFCEF-6970-4826-A63B-C0D5D432A853}.Debug|Any CPU.ActiveCfg = Debug|Any CPU
		{77DFFCEF-6970-4826-A63B-C0D5D432A853}.Debug|Any CPU.Build.0 = Debug|Any CPU
		{77DFFCEF-6970-4826-A63B-C0D5D432A853}.Release|Any CPU.ActiveCfg = Release|Any CPU
		{77DFFCEF-6970-4826-A63B-C0D5D432A853}.Release|Any CPU.Build.0 = Release|Any CPU
		{31051AF4-7D16-44A4-B7A5-453CC43BAA39}.Debug|Any CPU.ActiveCfg = Debug|Any CPU
		{31051AF4-7D16-44A4-B7A5-453CC43BAA39}.Debug|Any CPU.Build.0 = Debug|Any CPU
		{31051AF4-7D16-44A4-B7A5-453CC43BAA39}.Release|Any CPU.ActiveCfg = Release|Any CPU
		{31051AF4-7D16-44A4-B7A5-453CC43BAA39}.Release|Any CPU.Build.0 = Release|Any CPU
		{53043CCE-4AEC-41B1-9A2D-8A01A4047F20}.Debug|Any CPU.ActiveCfg = Debug|Any CPU
		{53043CCE-4AEC-41B1-9A2D-8A01A4047F20}.Debug|Any CPU.Build.0 = Debug|Any CPU
		{53043CCE-4AEC-41B1-9A2D-8A01A4047F20}.Release|Any CPU.ActiveCfg = Release|Any CPU
		{53043CCE-4AEC-41B1-9A2D-8A01A4047F20}.Release|Any CPU.Build.0 = Release|Any CPU
	EndGlobalSection
	GlobalSection(SolutionProperties) = preSolution
		HideSolutionNode = FALSE
	EndGlobalSection
EndGlobal
